
Microsoft Visual Studio Solution File, Format Version 12.00
# Visual Studio Version 16
VisualStudioVersion = 16.0.30523.141
MinimumVisualStudioVersion = 10.0.40219.1
Project("{FAE04EC0-301F-11D3-BF4B-00C04F79EFBC}") = "Interfaz_Incidencias", "Interfaz_Incidencias.csproj", "{0D9773D2-9C08-4CBD-8657-A5C176FD5619}"
EndProject
Global
	GlobalSection(SolutionConfigurationPlatforms) = preSolution
		Debug|Any CPU = Debug|Any CPU
		Release|Any CPU = Release|Any CPU
	EndGlobalSection
	GlobalSection(ProjectConfigurationPlatforms) = postSolution
		{0D9773D2-9C08-4CBD-8657-A5C176FD5619}.Debug|Any CPU.ActiveCfg = Debug|Any CPU
		{0D9773D2-9C08-4CBD-8657-A5C176FD5619}.Debug|Any CPU.Build.0 = Debug|Any CPU
		{0D9773D2-9C08-4CBD-8657-A5C176FD5619}.Release|Any CPU.ActiveCfg = Release|Any CPU
		{0D9773D2-9C08-4CBD-8657-A5C176FD5619}.Release|Any CPU.Build.0 = Release|Any CPU
	EndGlobalSection
	GlobalSection(SolutionProperties) = preSolution
		HideSolutionNode = FALSE
	EndGlobalSection
	GlobalSection(ExtensibilityGlobals) = postSolution
		SolutionGuid = {9DD73B41-D0FE-46C7-AC31-50F13E0403B9}
	EndGlobalSection
EndGlobal
