
Microsoft Visual Studio Solution File, Format Version 12.00
# Visual Studio 15
VisualStudioVersion = 15.0.27004.2002
MinimumVisualStudioVersion = 10.0.40219.1
Project("{FAE04EC0-301F-11D3-BF4B-00C04F79EFBC}") = "Tema2", "Tema2\Tema2.csproj", "{DBEF738B-3AD1-4E1C-A96C-B0E864E749A0}"
EndProject
Global
	GlobalSection(SolutionConfigurationPlatforms) = preSolution
		Debug|Any CPU = Debug|Any CPU
		Release|Any CPU = Release|Any CPU
	EndGlobalSection
	GlobalSection(ProjectConfigurationPlatforms) = postSolution
		{DBEF738B-3AD1-4E1C-A96C-B0E864E749A0}.Debug|Any CPU.ActiveCfg = Debug|Any CPU
		{DBEF738B-3AD1-4E1C-A96C-B0E864E749A0}.Debug|Any CPU.Build.0 = Debug|Any CPU
		{DBEF738B-3AD1-4E1C-A96C-B0E864E749A0}.Release|Any CPU.ActiveCfg = Release|Any CPU
		{DBEF738B-3AD1-4E1C-A96C-B0E864E749A0}.Release|Any CPU.Build.0 = Release|Any CPU
	EndGlobalSection
	GlobalSection(SolutionProperties) = preSolution
		HideSolutionNode = FALSE
	EndGlobalSection
	GlobalSection(ExtensibilityGlobals) = postSolution
		SolutionGuid = {E791F94F-FB74-4E9C-A00B-D9CE1BAF6B36}
	EndGlobalSection
EndGlobal
